Microsoft Visual Studio Solution File, Format Version 12.00
# Visual Studio Version 17
VisualStudioVersion = 17.5.2.0
MinimumVisualStudioVersion = 10.0.40219.1
Project("{FAE04EC0-301F-11D3-BF4B-00C04F79EFBC}") = "PitchVision360", "PitchVision360.csproj", "{90AC2B2D-2BE0-05CF-BAB8-287F570353E5}"
EndProject
Global
	GlobalSection(SolutionConfigurationPlatforms) = preSolution
		Debug|Any CPU = Debug|Any CPU
		Release|Any CPU = Release|Any CPU
	EndGlobalSection
	GlobalSection(ProjectConfigurationPlatforms) = postSolution
		{90AC2B2D-2BE0-05CF-BAB8-287F570353E5}.Debug|Any CPU.ActiveCfg = Debug|Any CPU
		{90AC2B2D-2BE0-05CF-BAB8-287F570353E5}.Debug|Any CPU.Build.0 = Debug|Any CPU
		{90AC2B2D-2BE0-05CF-BAB8-287F570353E5}.Release|Any CPU.ActiveCfg = Release|Any CPU
		{90AC2B2D-2BE0-05CF-BAB8-287F570353E5}.Release|Any CPU.Build.0 = Release|Any CPU
	EndGlobalSection
	GlobalSection(SolutionProperties) = preSolution
		HideSolutionNode = FALSE
	EndGlobalSection
	GlobalSection(ExtensibilityGlobals) = postSolution
		SolutionGuid = {DBC8ED75-163F-483D-968A-BA2E0A0B5F8B}
	EndGlobalSection
EndGlobal
